
Microsoft Visual Studio Solution File, Format Version 12.00
# Visual Studio Version 17
VisualStudioVersion = 17.5.002.0
MinimumVisualStudioVersion = 10.0.40219.1
Project("{9A19103F-16F7-4668-BE54-9A1E7A4F7556}") = "CrudSimples", "CrudSimples.csproj", "{BC78715F-D1D0-4BB6-B65D-9B7D3C89CE8C}"
EndProject
Global
	GlobalSection(SolutionConfigurationPlatforms) = preSolution
		Debug|Any CPU = Debug|Any CPU
		Release|Any CPU = Release|Any CPU
	EndGlobalSection
	GlobalSection(ProjectConfigurationPlatforms) = postSolution
		{BC78715F-D1D0-4BB6-B65D-9B7D3C89CE8C}.Debug|Any CPU.ActiveCfg = Debug|Any CPU
		{BC78715F-D1D0-4BB6-B65D-9B7D3C89CE8C}.Debug|Any CPU.Build.0 = Debug|Any CPU
		{BC78715F-D1D0-4BB6-B65D-9B7D3C89CE8C}.Release|Any CPU.ActiveCfg = Release|Any CPU
		{BC78715F-D1D0-4BB6-B65D-9B7D3C89CE8C}.Release|Any CPU.Build.0 = Release|Any CPU
	EndGlobalSection
	GlobalSection(SolutionProperties) = preSolution
		HideSolutionNode = FALSE
	EndGlobalSection
	GlobalSection(ExtensibilityGlobals) = postSolution
		SolutionGuid = {BBE7975E-5460-4242-81CB-B69D9E82E47E}
	EndGlobalSection
EndGlobal
